
Microsoft Visual Studio Solution File, Format Version 12.00
# Visual Studio Version 17
VisualStudioVersion = 17.8.34309.116
MinimumVisualStudioVersion = 10.0.40219.1
Project("{FAE04EC0-301F-11D3-BF4B-00C04F79EFBC}") = "RefitAndRetryWithPolly", "RefitAndRetryWithPolly\RefitAndRetryWithPolly.csproj", "{67785389-7238-4CE6-BE1F-C8FD1C5D0392}"
EndProject
Project("{FAE04EC0-301F-11D3-BF4B-00C04F79EFBC}") = "LibraryApi", "LibraryApi\LibraryApi.csproj", "{45FF421F-DE8B-417C-9683-27B4BC0301B9}"
EndProject
Global
	GlobalSection(SolutionConfigurationPlatforms) = preSolution
		Debug|Any CPU = Debug|Any CPU
		Release|Any CPU = Release|Any CPU
	EndGlobalSection
	GlobalSection(ProjectConfigurationPlatforms) = postSolution
		{67785389-7238-4CE6-BE1F-C8FD1C5D0392}.Debug|Any CPU.ActiveCfg = Debug|Any CPU
		{67785389-7238-4CE6-BE1F-C8FD1C5D0392}.Debug|Any CPU.Build.0 = Debug|Any CPU
		{67785389-7238-4CE6-BE1F-C8FD1C5D0392}.Release|Any CPU.ActiveCfg = Release|Any CPU
		{67785389-7238-4CE6-BE1F-C8FD1C5D0392}.Release|Any CPU.Build.0 = Release|Any CPU
		{45FF421F-DE8B-417C-9683-27B4BC0301B9}.Debug|Any CPU.ActiveCfg = Debug|Any CPU
		{45FF421F-DE8B-417C-9683-27B4BC0301B9}.Debug|Any CPU.Build.0 = Debug|Any CPU
		{45FF421F-DE8B-417C-9683-27B4BC0301B9}.Release|Any CPU.ActiveCfg = Release|Any CPU
		{45FF421F-DE8B-417C-9683-27B4BC0301B9}.Release|Any CPU.Build.0 = Release|Any CPU
	EndGlobalSection
	GlobalSection(SolutionProperties) = preSolution
		HideSolutionNode = FALSE
	EndGlobalSection
	GlobalSection(ExtensibilityGlobals) = postSolution
		SolutionGuid = {21D0816B-E685-4CCD-A061-ABFD3B7D9E3D}
	EndGlobalSection
EndGlobal
